
Microsoft Visual Studio Solution File, Format Version 12.00
# Visual Studio Version 17
VisualStudioVersion = 17.7.34018.315
MinimumVisualStudioVersion = 10.0.40219.1
Project("{FAE04EC0-301F-11D3-BF4B-00C04F79EFBC}") = "FileMover", "FileMover\FileMover.csproj", "{D52F52FC-8429-4F70-B2CB-B1DA189AEAFA}"
EndProject
Global
	GlobalSection(SolutionConfigurationPlatforms) = preSolution
		Debug|Any CPU = Debug|Any CPU
		Release|Any CPU = Release|Any CPU
	EndGlobalSection
	GlobalSection(ProjectConfigurationPlatforms) = postSolution
		{D52F52FC-8429-4F70-B2CB-B1DA189AEAFA}.Debug|Any CPU.ActiveCfg = Debug|Any CPU
		{D52F52FC-8429-4F70-B2CB-B1DA189AEAFA}.Debug|Any CPU.Build.0 = Debug|Any CPU
		{D52F52FC-8429-4F70-B2CB-B1DA189AEAFA}.Release|Any CPU.ActiveCfg = Release|Any CPU
		{D52F52FC-8429-4F70-B2CB-B1DA189AEAFA}.Release|Any CPU.Build.0 = Release|Any CPU
	EndGlobalSection
	GlobalSection(SolutionProperties) = preSolution
		HideSolutionNode = FALSE
	EndGlobalSection
	GlobalSection(ExtensibilityGlobals) = postSolution
		SolutionGuid = {FD143FFE-FFE2-4B7E-A606-7A8DA6C65F45}
	EndGlobalSection
EndGlobal
